// !$*UTF8*$!
{
	archiveVersion = 1;
	classes = {
	};
	objectVersion = 55;
	objects = {

/* Begin PBXBuildFile section */
		0F9E0027280F726800EC79C7 /* AverageBackgroundColorApp.swift in Sources */ = {isa = PBXBuildFile; fileRef = 0F9E0026280F726800EC79C7 /* AverageBackgroundColorApp.swift */; };
		0F9E0029280F726800EC79C7 /* ContentView.swift in Sources */ = {isa = PBXBuildFile; fileRef = 0F9E0028280F726800EC79C7 /* ContentView.swift */; };
		0F9E002B280F726A00EC79C7 /* Assets.xcassets in Resources */ = {isa = PBXBuildFile; fileRef = 0F9E002A280F726A00EC79C7 /* Assets.xcassets */; };
		0F9E002E280F726A00EC79C7 /* Preview Assets.xcassets in Resources */ = {isa = PBXBuildFile; fileRef = 0F9E002D280F726A00EC79C7 /* Preview Assets.xcassets */; };
		0F9E0038280F726B00EC79C7 /* AverageBackgroundColorTests.swift in Sources */ = {isa = PBXBuildFile; fileRef = 0F9E0037280F726B00EC79C7 /* AverageBackgroundColorTests.swift */; };
		0F9E0042280F726B00EC79C7 /* AverageBackgroundColorUITests.swift in Sources */ = {isa = PBXBuildFile; fileRef = 0F9E0041280F726B00EC79C7 /* AverageBackgroundColorUITests.swift */; };
		0F9E0044280F726B00EC79C7 /* AverageBackgroundColorUITestsLaunchTests.swift in Sources */ = {isa = PBXBuildFile; fileRef = 0F9E0043280F726B00EC79C7 /* AverageBackgroundColorUITestsLaunchTests.swift */; };
/* End PBXBuildFile section */

/* Begin PBXContainerItemProxy section */
		0F9E0034280F726B00EC79C7 /* PBXContainerItemProxy */ = {
			isa = PBXContainerItemProxy;
			containerPortal = 0F9E001B280F726800EC79C7 /* Project object */;
			proxyType = 1;
			remoteGlobalIDString = 0F9E0022280F726800EC79C7;
			remoteInfo = AverageBackgroundColor;
		};
		0F9E003E280F726B00EC79C7 /* PBXContainerItemProxy */ = {
			isa = PBXContainerItemProxy;
			containerPortal = 0F9E001B280F726800EC79C7 /* Project object */;
			proxyType = 1;
			remoteGlobalIDString = 0F9E0022280F726800EC79C7;
			remoteInfo = AverageBackgroundColor;
		};
/* End PBXContainerItemProxy section */

/* Begin PBXFileReference section */
		0F9E0023280F726800EC79C7 /* AverageBackgroundColor.app */ = {isa = PBXFileReference; explicitFileType = wrapper.application; includeInIndex = 0; path = AverageBackgroundColor.app; sourceTree = BUILT_PRODUCTS_DIR; };
		0F9E0026280F726800EC79C7 /* AverageBackgroundColorApp.swift */ = {isa = PBXFileReference; lastKnownFileType = sourcecode.swift; path = AverageBackgroundColorApp.swift; sourceTree = "<group>"; };
		0F9E0028280F726800EC79C7 /* ContentView.swift */ = {isa = PBXFileReference; lastKnownFileType = sourcecode.swift; path = ContentView.swift; sourceTree = "<group>"; };
		0F9E002A280F726A00EC79C7 /* Assets.xcassets */ = {isa = PBXFileReference; lastKnownFileType = folder.assetcatalog; path = Assets.xcassets; sourceTree = "<group>"; };
		0F9E002D280F726A00EC79C7 /* Preview Assets.xcassets */ = {isa = PBXFileReference; lastKnownFileType = folder.assetcatalog; path = "Preview Assets.xcassets"; sourceTree = "<group>"; };
		0F9E0033280F726B00EC79C7 /* AverageBackgroundColorTests.xctest */ = {isa = PBXFileReference; explicitFileType = wrapper.cfbundle; includeInIndex = 0; path = AverageBackgroundColorTests.xctest; sourceTree = BUILT_PRODUCTS_DIR; };
		0F9E0037280F726B00EC79C7 /* AverageBackgroundColorTests.swift */ = {isa = PBXFileReference; lastKnownFileType = sourcecode.swift; path = AverageBackgroundColorTests.swift; sourceTree = "<group>"; };
		0F9E003D280F726B00EC79C7 /* AverageBackgroundColorUITests.xctest */ = {isa = PBXFileReference; explicitFileType = wrapper.cfbundle; includeInIndex = 0; path = AverageBackgroundColorUITests.xctest; sourceTree = BUILT_PRODUCTS_DIR; };
		0F9E0041280F726B00EC79C7 /* AverageBackgroundColorUITests.swift */ = {isa = PBXFileReference; lastKnownFileType = sourcecode.swift; path = AverageBackgroundColorUITests.swift; sourceTree = "<group>"; };
		0F9E0043280F726B00EC79C7 /* AverageBackgroundColorUITestsLaunchTests.swift */ = {isa = PBXFileReference; lastKnownFileType = sourcecode.swift; path = AverageBackgroundColorUITestsLaunchTests.swift; sourceTree = "<group>"; };
/* End PBXFileReference section */

/* Begin PBXFrameworksBuildPhase section */
		0F9E0020280F726800EC79C7 /* Frameworks */ = {
			isa = PBXFrameworksBuildPhase;
			buildActionMask = 2147483647;
			files = (
			);
			runOnlyForDeploymentPostprocessing = 0;
		};
		0F9E0030280F726B00EC79C7 /* Frameworks */ = {
			isa = PBXFrameworksBuildPhase;
			buildActionMask = 2147483647;
			files = (
			);
			runOnlyForDeploymentPostprocessing = 0;
		};
		0F9E003A280F726B00EC79C7 /* Frameworks */ = {
			isa = PBXFrameworksBuildPhase;
			buildActionMask = 2147483647;
			files = (
			);
			runOnlyForDeploymentPostprocessing = 0;
		};
/* End PBXFrameworksBuildPhase section */

/* Begin PBXGroup section */
		0F9E001A280F726800EC79C7 = {
			isa = PBXGroup;
			children = (
				0F9E0025280F726800EC79C7 /* AverageBackgroundColor */,
				0F9E0036280F726B00EC79C7 /* AverageBackgroundColorTests */,
				0F9E0040280F726B00EC79C7 /* AverageBackgroundColorUITests */,
				0F9E0024280F726800EC79C7 /* Products */,
			);
			sourceTree = "<group>";
		};
		0F9E0024280F726800EC79C7 /* Products */ = {
			isa = PBXGroup;
			children = (
				0F9E0023280F726800EC79C7 /* AverageBackgroundColor.app */,
				0F9E0033280F726B00EC79C7 /* AverageBackgroundColorTests.xctest */,
				0F9E003D280F726B00EC79C7 /* AverageBackgroundColorUITests.xctest */,
			);
			name = Products;
			sourceTree = "<group>";
		};
		0F9E0025280F726800EC79C7 /* AverageBackgroundColor */ = {
			isa = PBXGroup;
			children = (
				0F9E0026280F726800EC79C7 /* AverageBackgroundColorApp.swift */,
				0F9E0028280F726800EC79C7 /* ContentView.swift */,
				0F9E002A280F726A00EC79C7 /* Assets.xcassets */,
				0F9E002C280F726A00EC79C7 /* Preview Content */,
			);
			path = AverageBackgroundColor;
			sourceTree = "<group>";
		};
		0F9E002C280F726A00EC79C7 /* Preview Content */ = {
			isa = PBXGroup;
			children = (
				0F9E002D280F726A00EC79C7 /* Preview Assets.xcassets */,
			);
			path = "Preview Content";
			sourceTree = "<group>";
		};
		0F9E0036280F726B00EC79C7 /* AverageBackgroundColorTests */ = {
			isa = PBXGroup;
			children = (
				0F9E0037280F726B00EC79C7 /* AverageBackgroundColorTests.swift */,
			);
			path = AverageBackgroundColorTests;
			sourceTree = "<group>";
		};
		0F9E0040280F726B00EC79C7 /* AverageBackgroundColorUITests */ = {
			isa = PBXGroup;
			children = (
				0F9E0041280F726B00EC79C7 /* AverageBackgroundColorUITests.swift */,
				0F9E0043280F726B00EC79C7 /* AverageBackgroundColorUITestsLaunchTests.swift */,
			);
			path = AverageBackgroundColorUITests;
			sourceTree = "<group>";
		};
/* End PBXGroup section */

/* Begin PBXNativeTarget section */
		0F9E0022280F726800EC79C7 /* AverageBackgroundColor */ = {
			isa = PBXNativeTarget;
			buildConfigurationList = 0F9E0047280F726B00EC79C7 /* Build configuration list for PBXNativeTarget "AverageBackgroundColor" */;
			buildPhases = (
				0F9E001F280F726800EC79C7 /* Sources */,
				0F9E0020280F726800EC79C7 /* Frameworks */,
				0F9E0021280F726800EC79C7 /* Resources */,
			);
			buildRules = (
			);
			dependencies = (
			);
			name = AverageBackgroundColor;
			productName = AverageBackgroundColor;
			productReference = 0F9E0023280F726800EC79C7 /* AverageBackgroundColor.app */;
			productType = "com.apple.product-type.application";
		};
		0F9E0032280F726B00EC79C7 /* AverageBackgroundColorTests */ = {
			isa = PBXNativeTarget;
			buildConfigurationList = 0F9E004A280F726B00EC79C7 /* Build configuration list for PBXNativeTarget "AverageBackgroundColorTests" */;
			buildPhases = (
				0F9E002F280F726B00EC79C7 /* Sources */,
				0F9E0030280F726B00EC79C7 /* Frameworks */,
				0F9E0031280F726B00EC79C7 /* Resources */,
			);
			buildRules = (
			);
			dependencies = (
				0F9E0035280F726B00EC79C7 /* PBXTargetDependency */,
			);
			name = AverageBackgroundColorTests;
			productName = AverageBackgroundColorTests;
			productReference = 0F9E0033280F726B00EC79C7 /* AverageBackgroundColorTests.xctest */;
			productType = "com.apple.product-type.bundle.unit-test";
		};
		0F9E003C280F726B00EC79C7 /* AverageBackgroundColorUITests */ = {
			isa = PBXNativeTarget;
			buildConfigurationList = 0F9E004D280F726B00EC79C7 /* Build configuration list for PBXNativeTarget "AverageBackgroundColorUITests" */;
			buildPhases = (
				0F9E0039280F726B00EC79C7 /* Sources */,
				0F9E003A280F726B00EC79C7 /* Frameworks */,
				0F9E003B280F726B00EC79C7 /* Resources */,
			);
			buildRules = (
			);
			dependencies = (
				0F9E003F280F726B00EC79C7 /* PBXTargetDependency */,
			);
			name = AverageBackgroundColorUITests;
			productName = AverageBackgroundColorUITests;
			productReference = 0F9E003D280F726B00EC79C7 /* AverageBackgroundColorUITests.xctest */;
			productType = "com.apple.product-type.bundle.ui-testing";
		};
/* End PBXNativeTarget section */

/* Begin PBXProject section */
		0F9E001B280F726800EC79C7 /* Project object */ = {
			isa = PBXProject;
			attributes = {
				BuildIndependentTargetsInParallel = 1;
				LastSwiftUpdateCheck = 1330;
				LastUpgradeCheck = 1330;
				TargetAttributes = {
					0F9E0022280F726800EC79C7 = {
						CreatedOnToolsVersion = 13.3.1;
					};
					0F9E0032280F726B00EC79C7 = {
						CreatedOnToolsVersion = 13.3.1;
						TestTargetID = 0F9E0022280F726800EC79C7;
					};
					0F9E003C280F726B00EC79C7 = {
						CreatedOnToolsVersion = 13.3.1;
						TestTargetID = 0F9E0022280F726800EC79C7;
					};
				};
			};
			buildConfigurationList = 0F9E001E280F726800EC79C7 /* Build configuration list for PBXProject "AverageBackgroundColor" */;
			compatibilityVersion = "Xcode 13.0";
			developmentRegion = en;
			hasScannedForEncodings = 0;
			knownRegions = (
				en,
				Base,
			);
			mainGroup = 0F9E001A280F726800EC79C7;
			productRefGroup = 0F9E0024280F726800EC79C7 /* Products */;
			projectDirPath = "";
			projectRoot = "";
			targets = (
				0F9E0022280F726800EC79C7 /* AverageBackgroundColor */,
				0F9E0032280F726B00EC79C7 /* AverageBackgroundColorTests */,
				0F9E003C280F726B00EC79C7 /* AverageBackgroundColorUITests */,
			);
		};
/* End PBXProject section */

/* Begin PBXResourcesBuildPhase section */
		0F9E0021280F726800EC79C7 /* Resources */ = {
			isa = PBXResourcesBuildPhase;
			buildActionMask = 2147483647;
			files = (
				0F9E002E280F726A00EC79C7 /* Preview Assets.xcassets in Resources */,
				0F9E002B280F726A00EC79C7 /* Assets.xcassets in Resources */,
			);
			runOnlyForDeploymentPostprocessing = 0;
		};
		0F9E0031280F726B00EC79C7 /* Resources */ = {
			isa = PBXResourcesBuildPhase;
			buildActionMask = 2147483647;
			files = (
			);
			runOnlyForDeploymentPostprocessing = 0;
		};
		0F9E003B280F726B00EC79C7 /* Resources */ = {
			isa = PBXResourcesBuildPhase;
			buildActionMask = 2147483647;
			files = (
			);
			runOnlyForDeploymentPostprocessing = 0;
		};
/* End PBXResourcesBuildPhase section */

/* Begin PBXSourcesBuildPhase section */
		0F9E001F280F726800EC79C7 /* Sources */ = {
			isa = PBXSourcesBuildPhase;
			buildActionMask = 2147483647;
			files = (
				0F9E0029280F726800EC79C7 /* ContentView.swift in Sources */,
				0F9E0027280F726800EC79C7 /* AverageBackgroundColorApp.swift in Sources */,
			);
			runOnlyForDeploymentPostprocessing = 0;
		};
		0F9E002F280F726B00EC79C7 /* Sources */ = {
			isa = PBXSourcesBuildPhase;
			buildActionMask = 2147483647;
			files = (
				0F9E0038280F726B00EC79C7 /* AverageBackgroundColorTests.swift in Sources */,
			);
			runOnlyForDeploymentPostprocessing = 0;
		};
		0F9E0039280F726B00EC79C7 /* Sources */ = {
			isa = PBXSourcesBuildPhase;
			buildActionMask = 2147483647;
			files = (
				0F9E0044280F726B00EC79C7 /* AverageBackgroundColorUITestsLaunchTests.swift in Sources */,
				0F9E0042280F726B00EC79C7 /* AverageBackgroundColorUITests.swift in Sources */,
			);
			runOnlyForDeploymentPostprocessing = 0;
		};
/* End PBXSourcesBuildPhase section */

/* Begin PBXTargetDependency section */
		0F9E0035280F726B00EC79C7 /* PBXTargetDependency */ = {
			isa = PBXTargetDependency;
			target = 0F9E0022280F726800EC79C7 /* AverageBackgroundColor */;
			targetProxy = 0F9E0034280F726B00EC79C7 /* PBXContainerItemProxy */;
		};
		0F9E003F280F726B00EC79C7 /* PBXTargetDependency */ = {
			isa = PBXTargetDependency;
			target = 0F9E0022280F726800EC79C7 /* AverageBackgroundColor */;
			targetProxy = 0F9E003E280F726B00EC79C7 /* PBXContainerItemProxy */;
		};
/* End PBXTargetDependency section */

/* Begin XCBuildConfiguration section */
		0F9E0045280F726B00EC79C7 /* Debug */ = {
			isa = XCBuildConfiguration;
			buildSettings = {
				ALWAYS_SEARCH_USER_PATHS = NO;
				CLANG_ANALYZER_NONNULL = YES;
				CLANG_ANALYZER_NUMBER_OBJECT_CONVERSION = YES_AGGRESSIVE;
				CLANG_CXX_LANGUAGE_STANDARD = "gnu++17";
				CLANG_ENABLE_MODULES = YES;
				CLANG_ENABLE_OBJC_ARC = YES;
				CLANG_ENABLE_OBJC_WEAK = YES;
				CLANG_WARN_BLOCK_CAPTURE_AUTORELEASING = YES;
				CLANG_WARN_BOOL_CONVERSION = YES;
				CLANG_WARN_COMMA = YES;
				CLANG_WARN_CONSTANT_CONVERSION = YES;
				CLANG_WARN_DEPRECATED_OBJC_IMPLEMENTATIONS = YES;
				CLANG_WARN_DIRECT_OBJC_ISA_USAGE = YES_ERROR;
				CLANG_WARN_DOCUMENTATION_COMMENTS = YES;
				CLANG_WARN_EMPTY_BODY = YES;
				CLANG_WARN_ENUM_CONVERSION = YES;
				CLANG_WARN_INFINITE_RECURSION = YES;
				CLANG_WARN_INT_CONVERSION = YES;
				CLANG_WARN_NON_LITERAL_NULL_CONVERSION = YES;
				CLANG_WARN_OBJC_IMPLICIT_RETAIN_SELF = YES;
				CLANG_WARN_OBJC_LITERAL_CONVERSION = YES;
				CLANG_WARN_OBJC_ROOT_CLASS = YES_ERROR;
				CLANG_WARN_QUOTED_INCLUDE_IN_FRAMEWORK_HEADER = YES;
				CLANG_WARN_RANGE_LOOP_ANALYSIS = YES;
				CLANG_WARN_STRICT_PROTOTYPES = YES;
				CLANG_WARN_SUSPICIOUS_MOVE = YES;
				CLANG_WARN_UNGUARDED_AVAILABILITY = YES_AGGRESSIVE;
				CLANG_WARN_UNREACHABLE_CODE = YES;
				CLANG_WARN__DUPLICATE_METHOD_MATCH = YES;
				COPY_PHASE_STRIP = NO;
				DEBUG_INFORMATION_FORMAT = dwarf;
				ENABLE_STRICT_OBJC_MSGSEND = YES;
				ENABLE_TESTABILITY = YES;
				GCC_C_LANGUAGE_STANDARD = gnu11;
				GCC_DYNAMIC_NO_PIC = NO;
				GCC_NO_COMMON_BLOCKS = YES;
				GCC_OPTIMIZATION_LEVEL = 0;
				GCC_PREPROCESSOR_DEFINITIONS = (
					"DEBUG=1",
					"$(inherited)",
				);
				GCC_WARN_64_TO_32_BIT_CONVERSION = YES;
				GCC_WARN_ABOUT_RETURN_TYPE = YES_ERROR;
				GCC_WARN_UNDECLARED_SELECTOR = YES;
				GCC_WARN_UNINITIALIZED_AUTOS = YES_AGGRESSIVE;
				GCC_WARN_UNUSED_FUNCTION = YES;
				GCC_WARN_UNUSED_VARIABLE = YES;
				IPHONEOS_DEPLOYMENT_TARGET = 15.4;
				MTL_ENABLE_DEBUG_INFO = INCLUDE_SOURCE;
				MTL_FAST_MATH = YES;
				ONLY_ACTIVE_ARCH = YES;
				SDKROOT = iphoneos;
				SWIFT_ACTIVE_COMPILATION_CONDITIONS = DEBUG;
				SWIFT_OPTIMIZATION_LEVEL = "-Onone";
			};
			name = Debug;
		};
		0F9E0046280F726B00EC79C7 /* Release */ = {
			isa = XCBuildConfiguration;
			buildSettings = {
				ALWAYS_SEARCH_USER_PATHS = NO;
				CLANG_ANALYZER_NONNULL = YES;
				CLANG_ANALYZER_NUMBER_OBJECT_CONVERSION = YES_AGGRESSIVE;
				CLANG_CXX_LANGUAGE_STANDARD = "gnu++17";
				CLANG_ENABLE_MODULES = YES;
				CLANG_ENABLE_OBJC_ARC = YES;
				CLANG_ENABLE_OBJC_WEAK = YES;
				CLANG_WARN_BLOCK_CAPTURE_AUTORELEASING = YES;
				CLANG_WARN_BOOL_CONVERSION = YES;
				CLANG_WARN_COMMA = YES;
				CLANG_WARN_CONSTANT_CONVERSION = YES;
				CLANG_WARN_DEPRECATED_OBJC_IMPLEMENTATIONS = YES;
				CLANG_WARN_DIRECT_OBJC_ISA_USAGE = YES_ERROR;
				CLANG_WARN_DOCUMENTATION_COMMENTS = YES;
				CLANG_WARN_EMPTY_BODY = YES;
				CLANG_WARN_ENUM_CONVERSION = YES;
				CLANG_WARN_INFINITE_RECURSION = YES;
				CLANG_WARN_INT_CONVERSION = YES;
				CLANG_WARN_NON_LITERAL_NULL_CONVERSION = YES;
				CLANG_WARN_OBJC_IMPLICIT_RETAIN_SELF = YES;
				CLANG_WARN_OBJC_LITERAL_CONVERSION = YES;
				CLANG_WARN_OBJC_ROOT_CLASS = YES_ERROR;
				CLANG_WARN_QUOTED_INCLUDE_IN_FRAMEWORK_HEADER = YES;
				CLANG_WARN_RANGE_LOOP_ANALYSIS = YES;
				CLANG_WARN_STRICT_PROTOTYPES = YES;
				CLANG_WARN_SUSPICIOUS_MOVE = YES;
				CLANG_WARN_UNGUARDED_AVAILABILITY = YES_AGGRESSIVE;
				CLANG_WARN_UNREACHABLE_CODE = YES;
				CLANG_WARN__DUPLICATE_METHOD_MATCH = YES;
				COPY_PHASE_STRIP = NO;
				DEBUG_INFORMATION_FORMAT = "dwarf-with-dsym";
				ENABLE_NS_ASSERTIONS = NO;
				ENABLE_STRICT_OBJC_MSGSEND = YES;
				GCC_C_LANGUAGE_STANDARD = gnu11;
				GCC_NO_COMMON_BLOCKS = YES;
				GCC_WARN_64_TO_32_BIT_CONVERSION = YES;
				GCC_WARN_ABOUT_RETURN_TYPE = YES_ERROR;
				GCC_WARN_UNDECLARED_SELECTOR = YES;
				GCC_WARN_UNINITIALIZED_AUTOS = YES_AGGRESSIVE;
				GCC_WARN_UNUSED_FUNCTION = YES;
				GCC_WARN_UNUSED_VARIABLE = YES;
				IPHONEOS_DEPLOYMENT_TARGET = 15.4;
				MTL_ENABLE_DEBUG_INFO = NO;
				MTL_FAST_MATH = YES;
				SDKROOT = iphoneos;
				SWIFT_COMPILATION_MODE = wholemodule;
				SWIFT_OPTIMIZATION_LEVEL = "-O";
				VALIDATE_PRODUCT = YES;
			};
			name = Release;
		};
		0F9E0048280F726B00EC79C7 /* Debug */ = {
			isa = XCBuildConfiguration;
			buildSettings = {
				ASSETCATALOG_COMPILER_APPICON_NAME = AppIcon;
				ASSETCATALOG_COMPILER_GLOBAL_ACCENT_COLOR_NAME = AccentColor;
				CODE_SIGN_STYLE = Automatic;
				CURRENT_PROJECT_VERSION = 1;
				DEVELOPMENT_ASSET_PATHS = "\"AverageBackgroundColor/Preview Content\"";
				DEVELOPMENT_TEAM = UJX6DR8845;
				ENABLE_PREVIEWS = YES;
				GENERATE_INFOPLIST_FILE = YES;
				INFOPLIST_KEY_UIApplicationSceneManifest_Generation = YES;
				INFOPLIST_KEY_UIApplicationSupportsIndirectInputEvents = YES;
				INFOPLIST_KEY_UILaunchScreen_Generation = YES;
				INFOPLIST_KEY_UISupportedInterfaceOrientations = UIInterfaceOrientationPortrait;
				INFOPLIST_KEY_UISupportedInterfaceOrientations_iPad = "UIInterfaceOrientationPortrait UIInterfaceOrientationPortraitUpsideDown UIInterfaceOrientationLandscapeLeft UIInterfaceOrientationLandscapeRight";
				INFOPLIST_KEY_UISupportedInterfaceOrientations_iPhone = "UIInterfaceOrientationPortrait UIInterfaceOrientationLandscapeLeft UIInterfaceOrientationLandscapeRight";
				IPHONEOS_DEPLOYMENT_TARGET = 15.0;
				LD_RUNPATH_SEARCH_PATHS = (
					"$(inherited)",
					"@executable_path/Frameworks",
				);
				MARKETING_VERSION = 1.0;
				PRODUCT_BUNDLE_IDENTIFIER = com.maximorales.AverageBackgroundColor;
				PRODUCT_NAME = "$(TARGET_NAME)";
				SWIFT_EMIT_LOC_STRINGS = YES;
				SWIFT_VERSION = 5.0;
				TARGETED_DEVICE_FAMILY = "1,2";
			};
			name = Debug;
		};
		0F9E0049280F726B00EC79C7 /* Release */ = {
			isa = XCBuildConfiguration;
			buildSettings = {
				ASSETCATALOG_COMPILER_APPICON_NAME = AppIcon;
				ASSETCATALOG_COMPILER_GLOBAL_ACCENT_COLOR_NAME = AccentColor;
				CODE_SIGN_STYLE = Automatic;
				CURRENT_PROJECT_VERSION = 1;
				DEVELOPMENT_ASSET_PATHS = "\"AverageBackgroundColor/Preview Content\"";
				DEVELOPMENT_TEAM = UJX6DR8845;
				ENABLE_PREVIEWS = YES;
				GENERATE_INFOPLIST_FILE = YES;
				INFOPLIST_KEY_UIApplicationSceneManifest_Generation = YES;
				INFOPLIST_KEY_UIApplicationSupportsIndirectInputEvents = YES;
				INFOPLIST_KEY_UILaunchScreen_Generation = YES;
				INFOPLIST_KEY_UISupportedInterfaceOrientations = UIInterfaceOrientationPortrait;
				INFOPLIST_KEY_UISupportedInterfaceOrientations_iPad = "UIInterfaceOrientationPortrait UIInterfaceOrientationPortraitUpsideDown UIInterfaceOrientationLandscapeLeft UIInterfaceOrientationLandscapeRight";
				INFOPLIST_KEY_UISupportedInterfaceOrientations_iPhone = "UIInterfaceOrientationPortrait UIInterfaceOrientationLandscapeLeft UIInterfaceOrientationLandscapeRight";
				IPHONEOS_DEPLOYMENT_TARGET = 15.0;
				LD_RUNPATH_SEARCH_PATHS = (
					"$(inherited)",
					"@executable_path/Frameworks",
				);
				MARKETING_VERSION = 1.0;
				PRODUCT_BUNDLE_IDENTIFIER = com.maximorales.AverageBackgroundColor;
				PRODUCT_NAME = "$(TARGET_NAME)";
				SWIFT_EMIT_LOC_STRINGS = YES;
				SWIFT_VERSION = 5.0;
				TARGETED_DEVICE_FAMILY = "1,2";
			};
			name = Release;
		};
		0F9E004B280F726B00EC79C7 /* Debug */ = {
			isa = XCBuildConfiguration;
			buildSettings = {
				ALWAYS_EMBED_SWIFT_STANDARD_LIBRARIES = YES;
				BUNDLE_LOADER = "$(TEST_HOST)";
				CODE_SIGN_STYLE = Automatic;
				CURRENT_PROJECT_VERSION = 1;
				DEVELOPMENT_TEAM = UJX6DR8845;
				GENERATE_INFOPLIST_FILE = YES;
				IPHONEOS_DEPLOYMENT_TARGET = 15.4;
				MARKETING_VERSION = 1.0;
				PRODUCT_BUNDLE_IDENTIFIER = com.maximorales.AverageBackgroundColorTests;
				PRODUCT_NAME = "$(TARGET_NAME)";
				SWIFT_EMIT_LOC_STRINGS = NO;
				SWIFT_VERSION = 5.0;
				TARGETED_DEVICE_FAMILY = "1,2";
				TEST_HOST = "$(BUILT_PRODUCTS_DIR)/AverageBackgroundColor.app/AverageBackgroundColor";
			};
			name = Debug;
		};
		0F9E004C280F726B00EC79C7 /* Release */ = {
			isa = XCBuildConfiguration;
			buildSettings = {
				ALWAYS_EMBED_SWIFT_STANDARD_LIBRARIES = YES;
				BUNDLE_LOADER = "$(TEST_HOST)";
				CODE_SIGN_STYLE = Automatic;
				CURRENT_PROJECT_VERSION = 1;
				DEVELOPMENT_TEAM = UJX6DR8845;
				GENERATE_INFOPLIST_FILE = YES;
				IPHONEOS_DEPLOYMENT_TARGET = 15.4;
				MARKETING_VERSION = 1.0;
				PRODUCT_BUNDLE_IDENTIFIER = com.maximorales.AverageBackgroundColorTests;
				PRODUCT_NAME = "$(TARGET_NAME)";
				SWIFT_EMIT_LOC_STRINGS = NO;
				SWIFT_VERSION = 5.0;
				TARGETED_DEVICE_FAMILY = "1,2";
				TEST_HOST = "$(BUILT_PRODUCTS_DIR)/AverageBackgroundColor.app/AverageBackgroundColor";
			};
			name = Release;
		};
		0F9E004E280F726B00EC79C7 /* Debug */ = {
			isa = XCBuildConfiguration;
			buildSettings = {
				ALWAYS_EMBED_SWIFT_STANDARD_LIBRARIES = YES;
				CODE_SIGN_STYLE = Automatic;
				CURRENT_PROJECT_VERSION = 1;
				DEVELOPMENT_TEAM = UJX6DR8845;
				GENERATE_INFOPLIST_FILE = YES;
				MARKETING_VERSION = 1.0;
				PRODUCT_BUNDLE_IDENTIFIER = com.maximorales.AverageBackgroundColorUITests;
				PRODUCT_NAME = "$(TARGET_NAME)";
				SWIFT_EMIT_LOC_STRINGS = NO;
				SWIFT_VERSION = 5.0;
				TARGETED_DEVICE_FAMILY = "1,2";
				TEST_TARGET_NAME = AverageBackgroundColor;
			};
			name = Debug;
		};
		0F9E004F280F726B00EC79C7 /* Release */ = {
			isa = XCBuildConfiguration;
			buildSettings = {
				ALWAYS_EMBED_SWIFT_STANDARD_LIBRARIES = YES;
				CODE_SIGN_STYLE = Automatic;
				CURRENT_PROJECT_VERSION = 1;
				DEVELOPMENT_TEAM = UJX6DR8845;
				GENERATE_INFOPLIST_FILE = YES;
				MARKETING_VERSION = 1.0;
				PRODUCT_BUNDLE_IDENTIFIER = com.maximorales.AverageBackgroundColorUITests;
				PRODUCT_NAME = "$(TARGET_NAME)";
				SWIFT_EMIT_LOC_STRINGS = NO;
				SWIFT_VERSION = 5.0;
				TARGETED_DEVICE_FAMILY = "1,2";
				TEST_TARGET_NAME = AverageBackgroundColor;
			};
			name = Release;
		};
/* End XCBuildConfiguration section */

/* Begin XCConfigurationList section */
		0F9E001E280F726800EC79C7 /* Build configuration list for PBXProject "AverageBackgroundColor" */ = {
			isa = XCConfigurationList;
			buildConfigurations = (
				0F9E0045280F726B00EC79C7 /* Debug */,
				0F9E0046280F726B00EC79C7 /* Release */,
			);
			defaultConfigurationIsVisible = 0;
			defaultConfigurationName = Release;
		};
		0F9E0047280F726B00EC79C7 /* Build configuration list for PBXNativeTarget "AverageBackgroundColor" */ = {
			isa = XCConfigurationList;
			buildConfigurations = (
				0F9E0048280F726B00EC79C7 /* Debug */,
				0F9E0049280F726B00EC79C7 /* Release */,
			);
			defaultConfigurationIsVisible = 0;
			defaultConfigurationName = Release;
		};
		0F9E004A280F726B00EC79C7 /* Build configuration list for PBXNativeTarget "AverageBackgroundColorTests" */ = {
			isa = XCConfigurationList;
			buildConfigurations = (
				0F9E004B280F726B00EC79C7 /* Debug */,
				0F9E004C280F726B00EC79C7 /* Release */,
			);
			defaultConfigurationIsVisible = 0;
			defaultConfigurationName = Release;
		};
		0F9E004D280F726B00EC79C7 /* Build configuration list for PBXNativeTarget "AverageBackgroundColorUITests" */ = {
			isa = XCConfigurationList;
			buildConfigurations = (
				0F9E004E280F726B00EC79C7 /* Debug */,
				0F9E004F280F726B00EC79C7 /* Release */,
			);
			defaultConfigurationIsVisible = 0;
			defaultConfigurationName = Release;
		};
/* End XCConfigurationList section */
	};
	rootObject = 0F9E001B280F726800EC79C7 /* Project object */;
}
